// !$*UTF8*$!
{
	archiveVersion = 1;
	classes = {
	};
	objectVersion = 46;
	objects = {

/* Begin PBXBuildFile section */
		D7D8C9C71AA7064900379965 /* main.m in Sources */ = {isa = PBXBuildFile; fileRef = D7D8C9C61AA7064900379965 /* main.m */; };
		D7D8C9CA1AA7064900379965 /* AppDelegate.m in Sources */ = {isa = PBXBuildFile; fileRef = D7D8C9C91AA7064900379965 /* AppDelegate.m */; };
		D7D8C9CD1AA7064900379965 /* githubtest.xcdatamodeld in Sources */ = {isa = PBXBuildFile; fileRef = D7D8C9CB1AA7064900379965 /* githubtest.xcdatamodeld */; };
		D7D8C9D01AA7064900379965 /* ViewController.m in Sources */ = {isa = PBXBuildFile; fileRef = D7D8C9CF1AA7064900379965 /* ViewController.m */; };
		D7D8C9D31AA7064900379965 /* Main.storyboard in Resources */ = {isa = PBXBuildFile; fileRef = D7D8C9D11AA7064900379965 /* Main.storyboard */; };
		D7D8C9D51AA7064900379965 /* Images.xcassets in Resources */ = {isa = PBXBuildFile; fileRef = D7D8C9D41AA7064900379965 /* Images.xcassets */; };
		D7D8C9D81AA7064900379965 /* LaunchScreen.xib in Resources */ = {isa = PBXBuildFile; fileRef = D7D8C9D61AA7064900379965 /* LaunchScreen.xib */; };
		D7D8C9E41AA7064900379965 /* githubtestTests.m in Sources */ = {isa = PBXBuildFile; fileRef = D7D8C9E31AA7064900379965 /* githubtestTests.m */; };
/* End PBXBuildFile section */

/* Begin PBXContainerItemProxy section */
		D7D8C9DE1AA7064900379965 /* PBXContainerItemProxy */ = {
			isa = PBXContainerItemProxy;
			containerPortal = D7D8C9B91AA7064900379965 /* Project object */;
			proxyType = 1;
			remoteGlobalIDString = D7D8C9C01AA7064900379965;
			remoteInfo = githubtest;
		};
/* End PBXContainerItemProxy section */

/* Begin PBXFileReference section */
		D7D8C9C11AA7064900379965 /* githubtest.app */ = {isa = PBXFileReference; explicitFileType = wrapper.application; includeInIndex = 0; path = githubtest.app; sourceTree = BUILT_PRODUCTS_DIR; };
		D7D8C9C51AA7064900379965 /* Info.plist */ = {isa = PBXFileReference; lastKnownFileType = text.plist.xml; path = Info.plist; sourceTree = "<group>"; };
		D7D8C9C61AA7064900379965 /* main.m */ = {isa = PBXFileReference; lastKnownFileType = sourcecode.c.objc; path = main.m; sourceTree = "<group>"; };
		D7D8C9C81AA7064900379965 /* AppDelegate.h */ = {isa = PBXFileReference; lastKnownFileType = sourcecode.c.h; path = AppDelegate.h; sourceTree = "<group>"; };
		D7D8C9C91AA7064900379965 /* AppDelegate.m */ = {isa = PBXFileReference; lastKnownFileType = sourcecode.c.objc; path = AppDelegate.m; sourceTree = "<group>"; };
		D7D8C9CC1AA7064900379965 /* githubtest.xcdatamodel */ = {isa = PBXFileReference; lastKnownFileType = wrapper.xcdatamodel; path = githubtest.xcdatamodel; sourceTree = "<group>"; };
		D7D8C9CE1AA7064900379965 /* ViewController.h */ = {isa = PBXFileReference; lastKnownFileType = sourcecode.c.h; path = ViewController.h; sourceTree = "<group>"; };
		D7D8C9CF1AA7064900379965 /* ViewController.m */ = {isa = PBXFileReference; lastKnownFileType = sourcecode.c.objc; path = ViewController.m; sourceTree = "<group>"; };
		D7D8C9D21AA7064900379965 /* Base */ = {isa = PBXFileReference; lastKnownFileType = file.storyboard; name = Base; path = Base.lproj/Main.storyboard; sourceTree = "<group>"; };
		D7D8C9D41AA7064900379965 /* Images.xcassets */ = {isa = PBXFileReference; lastKnownFileType = folder.assetcatalog; path = Images.xcassets; sourceTree = "<group>"; };
		D7D8C9D71AA7064900379965 /* Base */ = {isa = PBXFileReference; lastKnownFileType = file.xib; name = Base; path = Base.lproj/LaunchScreen.xib; sourceTree = "<group>"; };
		D7D8C9DD1AA7064900379965 /* githubtestTests.xctest */ = {isa = PBXFileReference; explicitFileType = wrapper.cfbundle; includeInIndex = 0; path = githubtestTests.xctest; sourceTree = BUILT_PRODUCTS_DIR; };
		D7D8C9E21AA7064900379965 /* Info.plist */ = {isa = PBXFileReference; lastKnownFileType = text.plist.xml; path = Info.plist; sourceTree = "<group>"; };
		D7D8C9E31AA7064900379965 /* githubtestTests.m */ = {isa = PBXFileReference; lastKnownFileType = sourcecode.c.objc; path = githubtestTests.m; sourceTree = "<group>"; };
/* End PBXFileReference section */

/* Begin PBXFrameworksBuildPhase section */
		D7D8C9BE1AA7064900379965 /* Frameworks */ = {
			isa = PBXFrameworksBuildPhase;
			buildActionMask = 2147483647;
			files = (
			);
			runOnlyForDeploymentPostprocessing = 0;
		};
		D7D8C9DA1AA7064900379965 /* Frameworks */ = {
			isa = PBXFrameworksBuildPhase;
			buildActionMask = 2147483647;
			files = (
			);
			runOnlyForDeploymentPostprocessing = 0;
		};
/* End PBXFrameworksBuildPhase section */

/* Begin PBXGroup section */
		D7D8C9B81AA7064900379965 = {
			isa = PBXGroup;
			children = (
				D7D8C9C31AA7064900379965 /* githubtest */,
				D7D8C9E01AA7064900379965 /* githubtestTests */,
				D7D8C9C21AA7064900379965 /* Products */,
			);
			sourceTree = "<group>";
		};
		D7D8C9C21AA7064900379965 /* Products */ = {
			isa = PBXGroup;
			children = (
				D7D8C9C11AA7064900379965 /* githubtest.app */,
				D7D8C9DD1AA7064900379965 /* githubtestTests.xctest */,
			);
			name = Products;
			sourceTree = "<group>";
		};
		D7D8C9C31AA7064900379965 /* githubtest */ = {
			isa = PBXGroup;
			children = (
				D7D8C9C81AA7064900379965 /* AppDelegate.h */,
				D7D8C9C91AA7064900379965 /* AppDelegate.m */,
				D7D8C9CE1AA7064900379965 /* ViewController.h */,
				D7D8C9CF1AA7064900379965 /* ViewController.m */,
				D7D8C9D11AA7064900379965 /* Main.storyboard */,
				D7D8C9D41AA7064900379965 /* Images.xcassets */,
				D7D8C9D61AA7064900379965 /* LaunchScreen.xib */,
				D7D8C9CB1AA7064900379965 /* githubtest.xcdatamodeld */,
				D7D8C9C41AA7064900379965 /* Supporting Files */,
			);
			path = githubtest;
			sourceTree = "<group>";
		};
		D7D8C9C41AA7064900379965 /* Supporting Files */ = {
			isa = PBXGroup;
			children = (
				D7D8C9C51AA7064900379965 /* Info.plist */,
				D7D8C9C61AA7064900379965 /* main.m */,
			);
			name = "Supporting Files";
			sourceTree = "<group>";
		};
		D7D8C9E01AA7064900379965 /* githubtestTests */ = {
			isa = PBXGroup;
			children = (
				D7D8C9E31AA7064900379965 /* githubtestTests.m */,
				D7D8C9E11AA7064900379965 /* Supporting Files */,
			);
			path = githubtestTests;
			sourceTree = "<group>";
		};
		D7D8C9E11AA7064900379965 /* Supporting Files */ = {
			isa = PBXGroup;
			children = (
				D7D8C9E21AA7064900379965 /* Info.plist */,
			);
			name = "Supporting Files";
			sourceTree = "<group>";
		};
/* End PBXGroup section */

/* Begin PBXNativeTarget section */
		D7D8C9C01AA7064900379965 /* githubtest */ = {
			isa = PBXNativeTarget;
			buildConfigurationList = D7D8C9E71AA7064900379965 /* Build configuration list for PBXNativeTarget "githubtest" */;
			buildPhases = (
				D7D8C9BD1AA7064900379965 /* Sources */,
				D7D8C9BE1AA7064900379965 /* Frameworks */,
				D7D8C9BF1AA7064900379965 /* Resources */,
			);
			buildRules = (
			);
			dependencies = (
			);
			name = githubtest;
			productName = githubtest;
			productReference = D7D8C9C11AA7064900379965 /* githubtest.app */;
			productType = "com.apple.product-type.application";
		};
		D7D8C9DC1AA7064900379965 /* githubtestTests */ = {
			isa = PBXNativeTarget;
			buildConfigurationList = D7D8C9EA1AA7064900379965 /* Build configuration list for PBXNativeTarget "githubtestTests" */;
			buildPhases = (
				D7D8C9D91AA7064900379965 /* Sources */,
				D7D8C9DA1AA7064900379965 /* Frameworks */,
				D7D8C9DB1AA7064900379965 /* Resources */,
			);
			buildRules = (
			);
			dependencies = (
				D7D8C9DF1AA7064900379965 /* PBXTargetDependency */,
			);
			name = githubtestTests;
			productName = githubtestTests;
			productReference = D7D8C9DD1AA7064900379965 /* githubtestTests.xctest */;
			productType = "com.apple.product-type.bundle.unit-test";
		};
/* End PBXNativeTarget section */

/* Begin PBXProject section */
		D7D8C9B91AA7064900379965 /* Project object */ = {
			isa = PBXProject;
			attributes = {
				LastUpgradeCheck = 0610;
				ORGANIZATIONNAME = "Kento Ohara";
				TargetAttributes = {
					D7D8C9C01AA7064900379965 = {
						CreatedOnToolsVersion = 6.1.1;
					};
					D7D8C9DC1AA7064900379965 = {
						CreatedOnToolsVersion = 6.1.1;
						TestTargetID = D7D8C9C01AA7064900379965;
					};
				};
			};
			buildConfigurationList = D7D8C9BC1AA7064900379965 /* Build configuration list for PBXProject "githubtest" */;
			compatibilityVersion = "Xcode 3.2";
			developmentRegion = English;
			hasScannedForEncodings = 0;
			knownRegions = (
				en,
				Base,
			);
			mainGroup = D7D8C9B81AA7064900379965;
			productRefGroup = D7D8C9C21AA7064900379965 /* Products */;
			projectDirPath = "";
			projectRoot = "";
			targets = (
				D7D8C9C01AA7064900379965 /* githubtest */,
				D7D8C9DC1AA7064900379965 /* githubtestTests */,
			);
		};
/* End PBXProject section */

/* Begin PBXResourcesBuildPhase section */
		D7D8C9BF1AA7064900379965 /* Resources */ = {
			isa = PBXResourcesBuildPhase;
			buildActionMask = 2147483647;
			files = (
				D7D8C9D31AA7064900379965 /* Main.storyboard in Resources */,
				D7D8C9D81AA7064900379965 /* LaunchScreen.xib in Resources */,
				D7D8C9D51AA7064900379965 /* Images.xcassets in Resources */,
			);
			runOnlyForDeploymentPostprocessing = 0;
		};
		D7D8C9DB1AA7064900379965 /* Resources */ = {
			isa = PBXResourcesBuildPhase;
			buildActionMask = 2147483647;
			files = (
			);
			runOnlyForDeploymentPostprocessing = 0;
		};
/* End PBXResourcesBuildPhase section */

/* Begin PBXSourcesBuildPhase section */
		D7D8C9BD1AA7064900379965 /* Sources */ = {
			isa = PBXSourcesBuildPhase;
			buildActionMask = 2147483647;
			files = (
				D7D8C9CA1AA7064900379965 /* AppDelegate.m in Sources */,
				D7D8C9CD1AA7064900379965 /* githubtest.xcdatamodeld in Sources */,
				D7D8C9D01AA7064900379965 /* ViewController.m in Sources */,
				D7D8C9C71AA7064900379965 /* main.m in Sources */,
			);
			runOnlyForDeploymentPostprocessing = 0;
		};
		D7D8C9D91AA7064900379965 /* Sources */ = {
			isa = PBXSourcesBuildPhase;
			buildActionMask = 2147483647;
			files = (
				D7D8C9E41AA7064900379965 /* githubtestTests.m in Sources */,
			);
			runOnlyForDeploymentPostprocessing = 0;
		};
/* End PBXSourcesBuildPhase section */

/* Begin PBXTargetDependency section */
		D7D8C9DF1AA7064900379965 /* PBXTargetDependency */ = {
			isa = PBXTargetDependency;
			target = D7D8C9C01AA7064900379965 /* githubtest */;
			targetProxy = D7D8C9DE1AA7064900379965 /* PBXContainerItemProxy */;
		};
/* End PBXTargetDependency section */

/* Begin PBXVariantGroup section */
		D7D8C9D11AA7064900379965 /* Main.storyboard */ = {
			isa = PBXVariantGroup;
			children = (
				D7D8C9D21AA7064900379965 /* Base */,
			);
			name = Main.storyboard;
			sourceTree = "<group>";
		};
		D7D8C9D61AA7064900379965 /* LaunchScreen.xib */ = {
			isa = PBXVariantGroup;
			children = (
				D7D8C9D71AA7064900379965 /* Base */,
			);
			name = LaunchScreen.xib;
			sourceTree = "<group>";
		};
/* End PBXVariantGroup section */

/* Begin XCBuildConfiguration section */
		D7D8C9E51AA7064900379965 /* Debug */ = {
			isa = XCBuildConfiguration;
			buildSettings = {
				ALWAYS_SEARCH_USER_PATHS = NO;
				CLANG_CXX_LANGUAGE_STANDARD = "gnu++0x";
				CLANG_CXX_LIBRARY = "libc++";
				CLANG_ENABLE_MODULES = YES;
				CLANG_ENABLE_OBJC_ARC = YES;
				CLANG_WARN_BOOL_CONVERSION = YES;
				CLANG_WARN_CONSTANT_CONVERSION = YES;
				CLANG_WARN_DIRECT_OBJC_ISA_USAGE = YES_ERROR;
				CLANG_WARN_EMPTY_BODY = YES;
				CLANG_WARN_ENUM_CONVERSION = YES;
				CLANG_WARN_INT_CONVERSION = YES;
				CLANG_WARN_OBJC_ROOT_CLASS = YES_ERROR;
				CLANG_WARN_UNREACHABLE_CODE = YES;
				CLANG_WARN__DUPLICATE_METHOD_MATCH = YES;
				"CODE_SIGN_IDENTITY[sdk=iphoneos*]" = "iPhone Developer";
				COPY_PHASE_STRIP = NO;
				ENABLE_STRICT_OBJC_MSGSEND = YES;
				GCC_C_LANGUAGE_STANDARD = gnu99;
				GCC_DYNAMIC_NO_PIC = NO;
				GCC_OPTIMIZATION_LEVEL = 0;
				GCC_PREPROCESSOR_DEFINITIONS = (
					"DEBUG=1",
					"$(inherited)",
				);
				GCC_SYMBOLS_PRIVATE_EXTERN = NO;
				GCC_WARN_64_TO_32_BIT_CONVERSION = YES;
				GCC_WARN_ABOUT_RETURN_TYPE = YES_ERROR;
				GCC_WARN_UNDECLARED_SELECTOR = YES;
				GCC_WARN_UNINITIALIZED_AUTOS = YES_AGGRESSIVE;
				GCC_WARN_UNUSED_FUNCTION = YES;
				GCC_WARN_UNUSED_VARIABLE = YES;
				IPHONEOS_DEPLOYMENT_TARGET = 8.1;
				MTL_ENABLE_DEBUG_INFO = YES;
				ONLY_ACTIVE_ARCH = YES;
				SDKROOT = iphoneos;
			};
			name = Debug;
		};
		D7D8C9E61AA7064900379965 /* Release */ = {
			isa = XCBuildConfiguration;
			buildSettings = {
				ALWAYS_SEARCH_USER_PATHS = NO;
				CLANG_CXX_LANGUAGE_STANDARD = "gnu++0x";
				CLANG_CXX_LIBRARY = "libc++";
				CLANG_ENABLE_MODULES = YES;
				CLANG_ENABLE_OBJC_ARC = YES;
				CLANG_WARN_BOOL_CONVERSION = YES;
				CLANG_WARN_CONSTANT_CONVERSION = YES;
				CLANG_WARN_DIRECT_OBJC_ISA_USAGE = YES_ERROR;
				CLANG_WARN_EMPTY_BODY = YES;
				CLANG_WARN_ENUM_CONVERSION = YES;
				CLANG_WARN_INT_CONVERSION = YES;
				CLANG_WARN_OBJC_ROOT_CLASS = YES_ERROR;
				CLANG_WARN_UNREACHABLE_CODE = YES;
				CLANG_WARN__DUPLICATE_METHOD_MATCH = YES;
				"CODE_SIGN_IDENTITY[sdk=iphoneos*]" = "iPhone Developer";
				COPY_PHASE_STRIP = YES;
				ENABLE_NS_ASSERTIONS = NO;
				ENABLE_STRICT_OBJC_MSGSEND = YES;
				GCC_C_LANGUAGE_STANDARD = gnu99;
				GCC_WARN_64_TO_32_BIT_CONVERSION = YES;
				GCC_WARN_ABOUT_RETURN_TYPE = YES_ERROR;
				GCC_WARN_UNDECLARED_SELECTOR = YES;
				GCC_WARN_UNINITIALIZED_AUTOS = YES_AGGRESSIVE;
				GCC_WARN_UNUSED_FUNCTION = YES;
				GCC_WARN_UNUSED_VARIABLE = YES;
				IPHONEOS_DEPLOYMENT_TARGET = 8.1;
				MTL_ENABLE_DEBUG_INFO = NO;
				SDKROOT = iphoneos;
				VALIDATE_PRODUCT = YES;
			};
			name = Release;
		};
		D7D8C9E81AA7064900379965 /* Debug */ = {
			isa = XCBuildConfiguration;
			buildSettings = {
				ASSETCATALOG_COMPILER_APPICON_NAME = AppIcon;
				INFOPLIST_FILE = githubtest/Info.plist;
				LD_RUNPATH_SEARCH_PATHS = "$(inherited) @executable_path/Frameworks";
				PRODUCT_NAME = "$(TARGET_NAME)";
			};
			name = Debug;
		};
		D7D8C9E91AA7064900379965 /* Release */ = {
			isa = XCBuildConfiguration;
			buildSettings = {
				ASSETCATALOG_COMPILER_APPICON_NAME = AppIcon;
				INFOPLIST_FILE = githubtest/Info.plist;
				LD_RUNPATH_SEARCH_PATHS = "$(inherited) @executable_path/Frameworks";
				PRODUCT_NAME = "$(TARGET_NAME)";
			};
			name = Release;
		};
		D7D8C9EB1AA7064900379965 /* Debug */ = {
			isa = XCBuildConfiguration;
			buildSettings = {
				BUNDLE_LOADER = "$(TEST_HOST)";
				FRAMEWORK_SEARCH_PATHS = (
					"$(SDKROOT)/Developer/Library/Frameworks",
					"$(inherited)",
				);
				GCC_PREPROCESSOR_DEFINITIONS = (
					"DEBUG=1",
					"$(inherited)",
				);
				INFOPLIST_FILE = githubtestTests/Info.plist;
				LD_RUNPATH_SEARCH_PATHS = "$(inherited) @executable_path/Frameworks @loader_path/Frameworks";
				PRODUCT_NAME = "$(TARGET_NAME)";
				TEST_HOST = "$(BUILT_PRODUCTS_DIR)/githubtest.app/githubtest";
			};
			name = Debug;
		};
		D7D8C9EC1AA7064900379965 /* Release */ = {
			isa = XCBuildConfiguration;
			buildSettings = {
				BUNDLE_LOADER = "$(TEST_HOST)";
				FRAMEWORK_SEARCH_PATHS = (
					"$(SDKROOT)/Developer/Library/Frameworks",
					"$(inherited)",
				);
				INFOPLIST_FILE = githubtestTests/Info.plist;
				LD_RUNPATH_SEARCH_PATHS = "$(inherited) @executable_path/Frameworks @loader_path/Frameworks";
				PRODUCT_NAME = "$(TARGET_NAME)";
				TEST_HOST = "$(BUILT_PRODUCTS_DIR)/githubtest.app/githubtest";
			};
			name = Release;
		};
/* End XCBuildConfiguration section */

/* Begin XCConfigurationList section */
		D7D8C9BC1AA7064900379965 /* Build configuration list for PBXProject "githubtest" */ = {
			isa = XCConfigurationList;
			buildConfigurations = (
				D7D8C9E51AA7064900379965 /* Debug */,
				D7D8C9E61AA7064900379965 /* Release */,
			);
			defaultConfigurationIsVisible = 0;
			defaultConfigurationName = Release;
		};
		D7D8C9E71AA7064900379965 /* Build configuration list for PBXNativeTarget "githubtest" */ = {
			isa = XCConfigurationList;
			buildConfigurations = (
				D7D8C9E81AA7064900379965 /* Debug */,
				D7D8C9E91AA7064900379965 /* Release */,
			);
			defaultConfigurationIsVisible = 0;
		};
		D7D8C9EA1AA7064900379965 /* Build configuration list for PBXNativeTarget "githubtestTests" */ = {
			isa = XCConfigurationList;
			buildConfigurations = (
				D7D8C9EB1AA7064900379965 /* Debug */,
				D7D8C9EC1AA7064900379965 /* Release */,
			);
			defaultConfigurationIsVisible = 0;
		};
/* End XCConfigurationList section */

/* Begin XCVersionGroup section */
		D7D8C9CB1AA7064900379965 /* githubtest.xcdatamodeld */ = {
			isa = XCVersionGroup;
			children = (
				D7D8C9CC1AA7064900379965 /* githubtest.xcdatamodel */,
			);
			currentVersion = D7D8C9CC1AA7064900379965 /* githubtest.xcdatamodel */;
			path = githubtest.xcdatamodeld;
			sourceTree = "<group>";
			versionGroupType = wrapper.xcdatamodel;
		};
/* End XCVersionGroup section */
	};
	rootObject = D7D8C9B91AA7064900379965 /* Project object */;
}
